
Microsoft Visual Studio Solution File, Format Version 12.00
# Visual Studio Version 17
VisualStudioVersion = 17.1.32421.90
MinimumVisualStudioVersion = 10.0.40219.1
Project("{FAE04EC0-301F-11D3-BF4B-00C04F79EFBC}") = "Problems", "Problems\Problems.csproj", "{1F76EAEC-CA0A-4647-ACCE-19B2EAEFBE53}"
EndProject
Global
	GlobalSection(SolutionConfigurationPlatforms) = preSolution
		Debug|Any CPU = Debug|Any CPU
		Release|Any CPU = Release|Any CPU
	EndGlobalSection
	GlobalSection(ProjectConfigurationPlatforms) = postSolution
		{1F76EAEC-CA0A-4647-ACCE-19B2EAEFBE53}.Debug|Any CPU.ActiveCfg = Debug|Any CPU
		{1F76EAEC-CA0A-4647-ACCE-19B2EAEFBE53}.Debug|Any CPU.Build.0 = Debug|Any CPU
		{1F76EAEC-CA0A-4647-ACCE-19B2EAEFBE53}.Release|Any CPU.ActiveCfg = Release|Any CPU
		{1F76EAEC-CA0A-4647-ACCE-19B2EAEFBE53}.Release|Any CPU.Build.0 = Release|Any CPU
	EndGlobalSection
	GlobalSection(SolutionProperties) = preSolution
		HideSolutionNode = FALSE
	EndGlobalSection
	GlobalSection(ExtensibilityGlobals) = postSolution
		SolutionGuid = {AC14ED66-B8B1-4946-A7CC-6B5FB72D770A}
	EndGlobalSection
EndGlobal
